// !$*UTF8*$!
{
	archiveVersion = 1;
	classes = {
	};
	objectVersion = 50;
	objects = {

/* Begin PBXBuildFile section */
		5BE2ECD727BA323200C441A4 /* AppDelegate.swift in Sources */ = {isa = PBXBuildFile; fileRef = 5BE2ECD627BA323200C441A4 /* AppDelegate.swift */; };
		5BE2ECD927BA323200C441A4 /* SceneDelegate.swift in Sources */ = {isa = PBXBuildFile; fileRef = 5BE2ECD827BA323200C441A4 /* SceneDelegate.swift */; };
		5BE2ECDB27BA323200C441A4 /* ViewController.swift in Sources */ = {isa = PBXBuildFile; fileRef = 5BE2ECDA27BA323200C441A4 /* ViewController.swift */; };
		5BE2ECDE27BA323200C441A4 /* Main.storyboard in Resources */ = {isa = PBXBuildFile; fileRef = 5BE2ECDC27BA323200C441A4 /* Main.storyboard */; };
		5BE2ECE027BA323400C441A4 /* Assets.xcassets in Resources */ = {isa = PBXBuildFile; fileRef = 5BE2ECDF27BA323400C441A4 /* Assets.xcassets */; };
		5BE2ECE327BA323400C441A4 /* LaunchScreen.storyboard in Resources */ = {isa = PBXBuildFile; fileRef = 5BE2ECE127BA323400C441A4 /* LaunchScreen.storyboard */; };
		5BE2ECEE27BA323400C441A4 /* SystemDetectFaceDemoTests.swift in Sources */ = {isa = PBXBuildFile; fileRef = 5BE2ECED27BA323400C441A4 /* SystemDetectFaceDemoTests.swift */; };
		5BE2ECF927BA323400C441A4 /* SystemDetectFaceDemoUITests.swift in Sources */ = {isa = PBXBuildFile; fileRef = 5BE2ECF827BA323400C441A4 /* SystemDetectFaceDemoUITests.swift */; };
/* End PBXBuildFile section */

/* Begin PBXContainerItemProxy section */
		5BE2ECEA27BA323400C441A4 /* PBXContainerItemProxy */ = {
			isa = PBXContainerItemProxy;
			containerPortal = 5BE2ECCB27BA323100C441A4 /* Project object */;
			proxyType = 1;
			remoteGlobalIDString = 5BE2ECD227BA323100C441A4;
			remoteInfo = SystemDetectFaceDemo;
		};
		5BE2ECF527BA323400C441A4 /* PBXContainerItemProxy */ = {
			isa = PBXContainerItemProxy;
			containerPortal = 5BE2ECCB27BA323100C441A4 /* Project object */;
			proxyType = 1;
			remoteGlobalIDString = 5BE2ECD227BA323100C441A4;
			remoteInfo = SystemDetectFaceDemo;
		};
/* End PBXContainerItemProxy section */

/* Begin PBXFileReference section */
		5BE2ECD327BA323100C441A4 /* SystemDetectFaceDemo.app */ = {isa = PBXFileReference; explicitFileType = wrapper.application; includeInIndex = 0; path = SystemDetectFaceDemo.app; sourceTree = BUILT_PRODUCTS_DIR; };
		5BE2ECD627BA323200C441A4 /* AppDelegate.swift */ = {isa = PBXFileReference; lastKnownFileType = sourcecode.swift; path = AppDelegate.swift; sourceTree = "<group>"; };
		5BE2ECD827BA323200C441A4 /* SceneDelegate.swift */ = {isa = PBXFileReference; lastKnownFileType = sourcecode.swift; path = SceneDelegate.swift; sourceTree = "<group>"; };
		5BE2ECDA27BA323200C441A4 /* ViewController.swift */ = {isa = PBXFileReference; lastKnownFileType = sourcecode.swift; path = ViewController.swift; sourceTree = "<group>"; };
		5BE2ECDD27BA323200C441A4 /* Base */ = {isa = PBXFileReference; lastKnownFileType = file.storyboard; name = Base; path = Base.lproj/Main.storyboard; sourceTree = "<group>"; };
		5BE2ECDF27BA323400C441A4 /* Assets.xcassets */ = {isa = PBXFileReference; lastKnownFileType = folder.assetcatalog; path = Assets.xcassets; sourceTree = "<group>"; };
		5BE2ECE227BA323400C441A4 /* Base */ = {isa = PBXFileReference; lastKnownFileType = file.storyboard; name = Base; path = Base.lproj/LaunchScreen.storyboard; sourceTree = "<group>"; };
		5BE2ECE427BA323400C441A4 /* Info.plist */ = {isa = PBXFileReference; lastKnownFileType = text.plist.xml; path = Info.plist; sourceTree = "<group>"; };
		5BE2ECE927BA323400C441A4 /* SystemDetectFaceDemoTests.xctest */ = {isa = PBXFileReference; explicitFileType = wrapper.cfbundle; includeInIndex = 0; path = SystemDetectFaceDemoTests.xctest; sourceTree = BUILT_PRODUCTS_DIR; };
		5BE2ECED27BA323400C441A4 /* SystemDetectFaceDemoTests.swift */ = {isa = PBXFileReference; lastKnownFileType = sourcecode.swift; path = SystemDetectFaceDemoTests.swift; sourceTree = "<group>"; };
		5BE2ECEF27BA323400C441A4 /* Info.plist */ = {isa = PBXFileReference; lastKnownFileType = text.plist.xml; path = Info.plist; sourceTree = "<group>"; };
		5BE2ECF427BA323400C441A4 /* SystemDetectFaceDemoUITests.xctest */ = {isa = PBXFileReference; explicitFileType = wrapper.cfbundle; includeInIndex = 0; path = SystemDetectFaceDemoUITests.xctest; sourceTree = BUILT_PRODUCTS_DIR; };
		5BE2ECF827BA323400C441A4 /* SystemDetectFaceDemoUITests.swift */ = {isa = PBXFileReference; lastKnownFileType = sourcecode.swift; path = SystemDetectFaceDemoUITests.swift; sourceTree = "<group>"; };
		5BE2ECFA27BA323400C441A4 /* Info.plist */ = {isa = PBXFileReference; lastKnownFileType = text.plist.xml; path = Info.plist; sourceTree = "<group>"; };
/* End PBXFileReference section */

/* Begin PBXFrameworksBuildPhase section */
		5BE2ECD027BA323100C441A4 /* Frameworks */ = {
			isa = PBXFrameworksBuildPhase;
			buildActionMask = 2147483647;
			files = (
			);
			runOnlyForDeploymentPostprocessing = 0;
		};
		5BE2ECE627BA323400C441A4 /* Frameworks */ = {
			isa = PBXFrameworksBuildPhase;
			buildActionMask = 2147483647;
			files = (
			);
			runOnlyForDeploymentPostprocessing = 0;
		};
		5BE2ECF127BA323400C441A4 /* Frameworks */ = {
			isa = PBXFrameworksBuildPhase;
			buildActionMask = 2147483647;
			files = (
			);
			runOnlyForDeploymentPostprocessing = 0;
		};
/* End PBXFrameworksBuildPhase section */

/* Begin PBXGroup section */
		5BE2ECCA27BA323100C441A4 = {
			isa = PBXGroup;
			children = (
				5BE2ECD527BA323200C441A4 /* SystemDetectFaceDemo */,
				5BE2ECEC27BA323400C441A4 /* SystemDetectFaceDemoTests */,
				5BE2ECF727BA323400C441A4 /* SystemDetectFaceDemoUITests */,
				5BE2ECD427BA323100C441A4 /* Products */,
			);
			sourceTree = "<group>";
		};
		5BE2ECD427BA323100C441A4 /* Products */ = {
			isa = PBXGroup;
			children = (
				5BE2ECD327BA323100C441A4 /* SystemDetectFaceDemo.app */,
				5BE2ECE927BA323400C441A4 /* SystemDetectFaceDemoTests.xctest */,
				5BE2ECF427BA323400C441A4 /* SystemDetectFaceDemoUITests.xctest */,
			);
			name = Products;
			sourceTree = "<group>";
		};
		5BE2ECD527BA323200C441A4 /* SystemDetectFaceDemo */ = {
			isa = PBXGroup;
			children = (
				5BE2ECD627BA323200C441A4 /* AppDelegate.swift */,
				5BE2ECD827BA323200C441A4 /* SceneDelegate.swift */,
				5BE2ECDA27BA323200C441A4 /* ViewController.swift */,
				5BE2ECDC27BA323200C441A4 /* Main.storyboard */,
				5BE2ECDF27BA323400C441A4 /* Assets.xcassets */,
				5BE2ECE127BA323400C441A4 /* LaunchScreen.storyboard */,
				5BE2ECE427BA323400C441A4 /* Info.plist */,
			);
			path = SystemDetectFaceDemo;
			sourceTree = "<group>";
		};
		5BE2ECEC27BA323400C441A4 /* SystemDetectFaceDemoTests */ = {
			isa = PBXGroup;
			children = (
				5BE2ECED27BA323400C441A4 /* SystemDetectFaceDemoTests.swift */,
				5BE2ECEF27BA323400C441A4 /* Info.plist */,
			);
			path = SystemDetectFaceDemoTests;
			sourceTree = "<group>";
		};
		5BE2ECF727BA323400C441A4 /* SystemDetectFaceDemoUITests */ = {
			isa = PBXGroup;
			children = (
				5BE2ECF827BA323400C441A4 /* SystemDetectFaceDemoUITests.swift */,
				5BE2ECFA27BA323400C441A4 /* Info.plist */,
			);
			path = SystemDetectFaceDemoUITests;
			sourceTree = "<group>";
		};
/* End PBXGroup section */

/* Begin PBXNativeTarget section */
		5BE2ECD227BA323100C441A4 /* SystemDetectFaceDemo */ = {
			isa = PBXNativeTarget;
			buildConfigurationList = 5BE2ECFD27BA323400C441A4 /* Build configuration list for PBXNativeTarget "SystemDetectFaceDemo" */;
			buildPhases = (
				5BE2ECCF27BA323100C441A4 /* Sources */,
				5BE2ECD027BA323100C441A4 /* Frameworks */,
				5BE2ECD127BA323100C441A4 /* Resources */,
			);
			buildRules = (
			);
			dependencies = (
			);
			name = SystemDetectFaceDemo;
			productName = SystemDetectFaceDemo;
			productReference = 5BE2ECD327BA323100C441A4 /* SystemDetectFaceDemo.app */;
			productType = "com.apple.product-type.application";
		};
		5BE2ECE827BA323400C441A4 /* SystemDetectFaceDemoTests */ = {
			isa = PBXNativeTarget;
			buildConfigurationList = 5BE2ED0027BA323400C441A4 /* Build configuration list for PBXNativeTarget "SystemDetectFaceDemoTests" */;
			buildPhases = (
				5BE2ECE527BA323400C441A4 /* Sources */,
				5BE2ECE627BA323400C441A4 /* Frameworks */,
				5BE2ECE727BA323400C441A4 /* Resources */,
			);
			buildRules = (
			);
			dependencies = (
				5BE2ECEB27BA323400C441A4 /* PBXTargetDependency */,
			);
			name = SystemDetectFaceDemoTests;
			productName = SystemDetectFaceDemoTests;
			productReference = 5BE2ECE927BA323400C441A4 /* SystemDetectFaceDemoTests.xctest */;
			productType = "com.apple.product-type.bundle.unit-test";
		};
		5BE2ECF327BA323400C441A4 /* SystemDetectFaceDemoUITests */ = {
			isa = PBXNativeTarget;
			buildConfigurationList = 5BE2ED0327BA323400C441A4 /* Build configuration list for PBXNativeTarget "SystemDetectFaceDemoUITests" */;
			buildPhases = (
				5BE2ECF027BA323400C441A4 /* Sources */,
				5BE2ECF127BA323400C441A4 /* Frameworks */,
				5BE2ECF227BA323400C441A4 /* Resources */,
			);
			buildRules = (
			);
			dependencies = (
				5BE2ECF627BA323400C441A4 /* PBXTargetDependency */,
			);
			name = SystemDetectFaceDemoUITests;
			productName = SystemDetectFaceDemoUITests;
			productReference = 5BE2ECF427BA323400C441A4 /* SystemDetectFaceDemoUITests.xctest */;
			productType = "com.apple.product-type.bundle.ui-testing";
		};
/* End PBXNativeTarget section */

/* Begin PBXProject section */
		5BE2ECCB27BA323100C441A4 /* Project object */ = {
			isa = PBXProject;
			attributes = {
				LastSwiftUpdateCheck = 1250;
				LastUpgradeCheck = 1250;
				TargetAttributes = {
					5BE2ECD227BA323100C441A4 = {
						CreatedOnToolsVersion = 12.5;
					};
					5BE2ECE827BA323400C441A4 = {
						CreatedOnToolsVersion = 12.5;
						TestTargetID = 5BE2ECD227BA323100C441A4;
					};
					5BE2ECF327BA323400C441A4 = {
						CreatedOnToolsVersion = 12.5;
						TestTargetID = 5BE2ECD227BA323100C441A4;
					};
				};
			};
			buildConfigurationList = 5BE2ECCE27BA323100C441A4 /* Build configuration list for PBXProject "SystemDetectFaceDemo" */;
			compatibilityVersion = "Xcode 9.3";
			developmentRegion = en;
			hasScannedForEncodings = 0;
			knownRegions = (
				en,
				Base,
			);
			mainGroup = 5BE2ECCA27BA323100C441A4;
			productRefGroup = 5BE2ECD427BA323100C441A4 /* Products */;
			projectDirPath = "";
			projectRoot = "";
			targets = (
				5BE2ECD227BA323100C441A4 /* SystemDetectFaceDemo */,
				5BE2ECE827BA323400C441A4 /* SystemDetectFaceDemoTests */,
				5BE2ECF327BA323400C441A4 /* SystemDetectFaceDemoUITests */,
			);
		};
/* End PBXProject section */

/* Begin PBXResourcesBuildPhase section */
		5BE2ECD127BA323100C441A4 /* Resources */ = {
			isa = PBXResourcesBuildPhase;
			buildActionMask = 2147483647;
			files = (
				5BE2ECE327BA323400C441A4 /* LaunchScreen.storyboard in Resources */,
				5BE2ECE027BA323400C441A4 /* Assets.xcassets in Resources */,
				5BE2ECDE27BA323200C441A4 /* Main.storyboard in Resources */,
			);
			runOnlyForDeploymentPostprocessing = 0;
		};
		5BE2ECE727BA323400C441A4 /* Resources */ = {
			isa = PBXResourcesBuildPhase;
			buildActionMask = 2147483647;
			files = (
			);
			runOnlyForDeploymentPostprocessing = 0;
		};
		5BE2ECF227BA323400C441A4 /* Resources */ = {
			isa = PBXResourcesBuildPhase;
			buildActionMask = 2147483647;
			files = (
			);
			runOnlyForDeploymentPostprocessing = 0;
		};
/* End PBXResourcesBuildPhase section */

/* Begin PBXSourcesBuildPhase section */
		5BE2ECCF27BA323100C441A4 /* Sources */ = {
			isa = PBXSourcesBuildPhase;
			buildActionMask = 2147483647;
			files = (
				5BE2ECDB27BA323200C441A4 /* ViewController.swift in Sources */,
				5BE2ECD727BA323200C441A4 /* AppDelegate.swift in Sources */,
				5BE2ECD927BA323200C441A4 /* SceneDelegate.swift in Sources */,
			);
			runOnlyForDeploymentPostprocessing = 0;
		};
		5BE2ECE527BA323400C441A4 /* Sources */ = {
			isa = PBXSourcesBuildPhase;
			buildActionMask = 2147483647;
			files = (
				5BE2ECEE27BA323400C441A4 /* SystemDetectFaceDemoTests.swift in Sources */,
			);
			runOnlyForDeploymentPostprocessing = 0;
		};
		5BE2ECF027BA323400C441A4 /* Sources */ = {
			isa = PBXSourcesBuildPhase;
			buildActionMask = 2147483647;
			files = (
				5BE2ECF927BA323400C441A4 /* SystemDetectFaceDemoUITests.swift in Sources */,
			);
			runOnlyForDeploymentPostprocessing = 0;
		};
/* End PBXSourcesBuildPhase section */

/* Begin PBXTargetDependency section */
		5BE2ECEB27BA323400C441A4 /* PBXTargetDependency */ = {
			isa = PBXTargetDependency;
			target = 5BE2ECD227BA323100C441A4 /* SystemDetectFaceDemo */;
			targetProxy = 5BE2ECEA27BA323400C441A4 /* PBXContainerItemProxy */;
		};
		5BE2ECF627BA323400C441A4 /* PBXTargetDependency */ = {
			isa = PBXTargetDependency;
			target = 5BE2ECD227BA323100C441A4 /* SystemDetectFaceDemo */;
			targetProxy = 5BE2ECF527BA323400C441A4 /* PBXContainerItemProxy */;
		};
/* End PBXTargetDependency section */

/* Begin PBXVariantGroup section */
		5BE2ECDC27BA323200C441A4 /* Main.storyboard */ = {
			isa = PBXVariantGroup;
			children = (
				5BE2ECDD27BA323200C441A4 /* Base */,
			);
			name = Main.storyboard;
			sourceTree = "<group>";
		};
		5BE2ECE127BA323400C441A4 /* LaunchScreen.storyboard */ = {
			isa = PBXVariantGroup;
			children = (
				5BE2ECE227BA323400C441A4 /* Base */,
			);
			name = LaunchScreen.storyboard;
			sourceTree = "<group>";
		};
/* End PBXVariantGroup section */

/* Begin XCBuildConfiguration section */
		5BE2ECFB27BA323400C441A4 /* Debug */ = {
			isa = XCBuildConfiguration;
			buildSettings = {
				ALWAYS_SEARCH_USER_PATHS = NO;
				CLANG_ANALYZER_NONNULL = YES;
				CLANG_ANALYZER_NUMBER_OBJECT_CONVERSION = YES_AGGRESSIVE;
				CLANG_CXX_LANGUAGE_STANDARD = "gnu++14";
				CLANG_CXX_LIBRARY = "libc++";
				CLANG_ENABLE_MODULES = YES;
				CLANG_ENABLE_OBJC_ARC = YES;
				CLANG_ENABLE_OBJC_WEAK = YES;
				CLANG_WARN_BLOCK_CAPTURE_AUTORELEASING = YES;
				CLANG_WARN_BOOL_CONVERSION = YES;
				CLANG_WARN_COMMA = YES;
				CLANG_WARN_CONSTANT_CONVERSION = YES;
				CLANG_WARN_DEPRECATED_OBJC_IMPLEMENTATIONS = YES;
				CLANG_WARN_DIRECT_OBJC_ISA_USAGE = YES_ERROR;
				CLANG_WARN_DOCUMENTATION_COMMENTS = YES;
				CLANG_WARN_EMPTY_BODY = YES;
				CLANG_WARN_ENUM_CONVERSION = YES;
				CLANG_WARN_INFINITE_RECURSION = YES;
				CLANG_WARN_INT_CONVERSION = YES;
				CLANG_WARN_NON_LITERAL_NULL_CONVERSION = YES;
				CLANG_WARN_OBJC_IMPLICIT_RETAIN_SELF = YES;
				CLANG_WARN_OBJC_LITERAL_CONVERSION = YES;
				CLANG_WARN_OBJC_ROOT_CLASS = YES_ERROR;
				CLANG_WARN_QUOTED_INCLUDE_IN_FRAMEWORK_HEADER = YES;
				CLANG_WARN_RANGE_LOOP_ANALYSIS = YES;
				CLANG_WARN_STRICT_PROTOTYPES = YES;
				CLANG_WARN_SUSPICIOUS_MOVE = YES;
				CLANG_WARN_UNGUARDED_AVAILABILITY = YES_AGGRESSIVE;
				CLANG_WARN_UNREACHABLE_CODE = YES;
				CLANG_WARN__DUPLICATE_METHOD_MATCH = YES;
				COPY_PHASE_STRIP = NO;
				DEBUG_INFORMATION_FORMAT = dwarf;
				ENABLE_STRICT_OBJC_MSGSEND = YES;
				ENABLE_TESTABILITY = YES;
				GCC_C_LANGUAGE_STANDARD = gnu11;
				GCC_DYNAMIC_NO_PIC = NO;
				GCC_NO_COMMON_BLOCKS = YES;
				GCC_OPTIMIZATION_LEVEL = 0;
				GCC_PREPROCESSOR_DEFINITIONS = (
					"DEBUG=1",
					"$(inherited)",
				);
				GCC_WARN_64_TO_32_BIT_CONVERSION = YES;
				GCC_WARN_ABOUT_RETURN_TYPE = YES_ERROR;
				GCC_WARN_UNDECLARED_SELECTOR = YES;
				GCC_WARN_UNINITIALIZED_AUTOS = YES_AGGRESSIVE;
				GCC_WARN_UNUSED_FUNCTION = YES;
				GCC_WARN_UNUSED_VARIABLE = YES;
				IPHONEOS_DEPLOYMENT_TARGET = 14.5;
				MTL_ENABLE_DEBUG_INFO = INCLUDE_SOURCE;
				MTL_FAST_MATH = YES;
				ONLY_ACTIVE_ARCH = YES;
				SDKROOT = iphoneos;
				SWIFT_ACTIVE_COMPILATION_CONDITIONS = DEBUG;
				SWIFT_OPTIMIZATION_LEVEL = "-Onone";
			};
			name = Debug;
		};
		5BE2ECFC27BA323400C441A4 /* Release */ = {
			isa = XCBuildConfiguration;
			buildSettings = {
				ALWAYS_SEARCH_USER_PATHS = NO;
				CLANG_ANALYZER_NONNULL = YES;
				CLANG_ANALYZER_NUMBER_OBJECT_CONVERSION = YES_AGGRESSIVE;
				CLANG_CXX_LANGUAGE_STANDARD = "gnu++14";
				CLANG_CXX_LIBRARY = "libc++";
				CLANG_ENABLE_MODULES = YES;
				CLANG_ENABLE_OBJC_ARC = YES;
				CLANG_ENABLE_OBJC_WEAK = YES;
				CLANG_WARN_BLOCK_CAPTURE_AUTORELEASING = YES;
				CLANG_WARN_BOOL_CONVERSION = YES;
				CLANG_WARN_COMMA = YES;
				CLANG_WARN_CONSTANT_CONVERSION = YES;
				CLANG_WARN_DEPRECATED_OBJC_IMPLEMENTATIONS = YES;
				CLANG_WARN_DIRECT_OBJC_ISA_USAGE = YES_ERROR;
				CLANG_WARN_DOCUMENTATION_COMMENTS = YES;
				CLANG_WARN_EMPTY_BODY = YES;
				CLANG_WARN_ENUM_CONVERSION = YES;
				CLANG_WARN_INFINITE_RECURSION = YES;
				CLANG_WARN_INT_CONVERSION = YES;
				CLANG_WARN_NON_LITERAL_NULL_CONVERSION = YES;
				CLANG_WARN_OBJC_IMPLICIT_RETAIN_SELF = YES;
				CLANG_WARN_OBJC_LITERAL_CONVERSION = YES;
				CLANG_WARN_OBJC_ROOT_CLASS = YES_ERROR;
				CLANG_WARN_QUOTED_INCLUDE_IN_FRAMEWORK_HEADER = YES;
				CLANG_WARN_RANGE_LOOP_ANALYSIS = YES;
				CLANG_WARN_STRICT_PROTOTYPES = YES;
				CLANG_WARN_SUSPICIOUS_MOVE = YES;
				CLANG_WARN_UNGUARDED_AVAILABILITY = YES_AGGRESSIVE;
				CLANG_WARN_UNREACHABLE_CODE = YES;
				CLANG_WARN__DUPLICATE_METHOD_MATCH = YES;
				COPY_PHASE_STRIP = NO;
				DEBUG_INFORMATION_FORMAT = "dwarf-with-dsym";
				ENABLE_NS_ASSERTIONS = NO;
				ENABLE_STRICT_OBJC_MSGSEND = YES;
				GCC_C_LANGUAGE_STANDARD = gnu11;
				GCC_NO_COMMON_BLOCKS = YES;
				GCC_WARN_64_TO_32_BIT_CONVERSION = YES;
				GCC_WARN_ABOUT_RETURN_TYPE = YES_ERROR;
				GCC_WARN_UNDECLARED_SELECTOR = YES;
				GCC_WARN_UNINITIALIZED_AUTOS = YES_AGGRESSIVE;
				GCC_WARN_UNUSED_FUNCTION = YES;
				GCC_WARN_UNUSED_VARIABLE = YES;
				IPHONEOS_DEPLOYMENT_TARGET = 14.5;
				MTL_ENABLE_DEBUG_INFO = NO;
				MTL_FAST_MATH = YES;
				SDKROOT = iphoneos;
				SWIFT_COMPILATION_MODE = wholemodule;
				SWIFT_OPTIMIZATION_LEVEL = "-O";
				VALIDATE_PRODUCT = YES;
			};
			name = Release;
		};
		5BE2ECFE27BA323400C441A4 /* Debug */ = {
			isa = XCBuildConfiguration;
			buildSettings = {
				ASSETCATALOG_COMPILER_APPICON_NAME = AppIcon;
				ASSETCATALOG_COMPILER_GLOBAL_ACCENT_COLOR_NAME = AccentColor;
				CODE_SIGN_STYLE = Automatic;
				DEVELOPMENT_TEAM = XZ5PNLT2U8;
				INFOPLIST_FILE = SystemDetectFaceDemo/Info.plist;
				LD_RUNPATH_SEARCH_PATHS = (
					"$(inherited)",
					"@executable_path/Frameworks",
				);
				PRODUCT_BUNDLE_IDENTIFIER = voidxin.SystemDetectFaceDemo;
				PRODUCT_NAME = "$(TARGET_NAME)";
				SWIFT_VERSION = 5.0;
				TARGETED_DEVICE_FAMILY = "1,2";
			};
			name = Debug;
		};
		5BE2ECFF27BA323400C441A4 /* Release */ = {
			isa = XCBuildConfiguration;
			buildSettings = {
				ASSETCATALOG_COMPILER_APPICON_NAME = AppIcon;
				ASSETCATALOG_COMPILER_GLOBAL_ACCENT_COLOR_NAME = AccentColor;
				CODE_SIGN_STYLE = Automatic;
				DEVELOPMENT_TEAM = XZ5PNLT2U8;
				INFOPLIST_FILE = SystemDetectFaceDemo/Info.plist;
				LD_RUNPATH_SEARCH_PATHS = (
					"$(inherited)",
					"@executable_path/Frameworks",
				);
				PRODUCT_BUNDLE_IDENTIFIER = voidxin.SystemDetectFaceDemo;
				PRODUCT_NAME = "$(TARGET_NAME)";
				SWIFT_VERSION = 5.0;
				TARGETED_DEVICE_FAMILY = "1,2";
			};
			name = Release;
		};
		5BE2ED0127BA323400C441A4 /* Debug */ = {
			isa = XCBuildConfiguration;
			buildSettings = {
				ALWAYS_EMBED_SWIFT_STANDARD_LIBRARIES = YES;
				BUNDLE_LOADER = "$(TEST_HOST)";
				CODE_SIGN_STYLE = Automatic;
				DEVELOPMENT_TEAM = XZ5PNLT2U8;
				INFOPLIST_FILE = SystemDetectFaceDemoTests/Info.plist;
				IPHONEOS_DEPLOYMENT_TARGET = 14.5;
				LD_RUNPATH_SEARCH_PATHS = (
					"$(inherited)",
					"@executable_path/Frameworks",
					"@loader_path/Frameworks",
				);
				PRODUCT_BUNDLE_IDENTIFIER = voidxin.SystemDetectFaceDemoTests;
				PRODUCT_NAME = "$(TARGET_NAME)";
				SWIFT_VERSION = 5.0;
				TARGETED_DEVICE_FAMILY = "1,2";
				TEST_HOST = "$(BUILT_PRODUCTS_DIR)/SystemDetectFaceDemo.app/SystemDetectFaceDemo";
			};
			name = Debug;
		};
		5BE2ED0227BA323400C441A4 /* Release */ = {
			isa = XCBuildConfiguration;
			buildSettings = {
				ALWAYS_EMBED_SWIFT_STANDARD_LIBRARIES = YES;
				BUNDLE_LOADER = "$(TEST_HOST)";
				CODE_SIGN_STYLE = Automatic;
				DEVELOPMENT_TEAM = XZ5PNLT2U8;
				INFOPLIST_FILE = SystemDetectFaceDemoTests/Info.plist;
				IPHONEOS_DEPLOYMENT_TARGET = 14.5;
				LD_RUNPATH_SEARCH_PATHS = (
					"$(inherited)",
					"@executable_path/Frameworks",
					"@loader_path/Frameworks",
				);
				PRODUCT_BUNDLE_IDENTIFIER = voidxin.SystemDetectFaceDemoTests;
				PRODUCT_NAME = "$(TARGET_NAME)";
				SWIFT_VERSION = 5.0;
				TARGETED_DEVICE_FAMILY = "1,2";
				TEST_HOST = "$(BUILT_PRODUCTS_DIR)/SystemDetectFaceDemo.app/SystemDetectFaceDemo";
			};
			name = Release;
		};
		5BE2ED0427BA323400C441A4 /* Debug */ = {
			isa = XCBuildConfiguration;
			buildSettings = {
				ALWAYS_EMBED_SWIFT_STANDARD_LIBRARIES = YES;
				CODE_SIGN_STYLE = Automatic;
				DEVELOPMENT_TEAM = XZ5PNLT2U8;
				INFOPLIST_FILE = SystemDetectFaceDemoUITests/Info.plist;
				LD_RUNPATH_SEARCH_PATHS = (
					"$(inherited)",
					"@executable_path/Frameworks",
					"@loader_path/Frameworks",
				);
				PRODUCT_BUNDLE_IDENTIFIER = voidxin.SystemDetectFaceDemoUITests;
				PRODUCT_NAME = "$(TARGET_NAME)";
				SWIFT_VERSION = 5.0;
				TARGETED_DEVICE_FAMILY = "1,2";
				TEST_TARGET_NAME = SystemDetectFaceDemo;
			};
			name = Debug;
		};
		5BE2ED0527BA323400C441A4 /* Release */ = {
			isa = XCBuildConfiguration;
			buildSettings = {
				ALWAYS_EMBED_SWIFT_STANDARD_LIBRARIES = YES;
				CODE_SIGN_STYLE = Automatic;
				DEVELOPMENT_TEAM = XZ5PNLT2U8;
				INFOPLIST_FILE = SystemDetectFaceDemoUITests/Info.plist;
				LD_RUNPATH_SEARCH_PATHS = (
					"$(inherited)",
					"@executable_path/Frameworks",
					"@loader_path/Frameworks",
				);
				PRODUCT_BUNDLE_IDENTIFIER = voidxin.SystemDetectFaceDemoUITests;
				PRODUCT_NAME = "$(TARGET_NAME)";
				SWIFT_VERSION = 5.0;
				TARGETED_DEVICE_FAMILY = "1,2";
				TEST_TARGET_NAME = SystemDetectFaceDemo;
			};
			name = Release;
		};
/* End XCBuildConfiguration section */

/* Begin XCConfigurationList section */
		5BE2ECCE27BA323100C441A4 /* Build configuration list for PBXProject "SystemDetectFaceDemo" */ = {
			isa = XCConfigurationList;
			buildConfigurations = (
				5BE2ECFB27BA323400C441A4 /* Debug */,
				5BE2ECFC27BA323400C441A4 /* Release */,
			);
			defaultConfigurationIsVisible = 0;
			defaultConfigurationName = Release;
		};
		5BE2ECFD27BA323400C441A4 /* Build configuration list for PBXNativeTarget "SystemDetectFaceDemo" */ = {
			isa = XCConfigurationList;
			buildConfigurations = (
				5BE2ECFE27BA323400C441A4 /* Debug */,
				5BE2ECFF27BA323400C441A4 /* Release */,
			);
			defaultConfigurationIsVisible = 0;
			defaultConfigurationName = Release;
		};
		5BE2ED0027BA323400C441A4 /* Build configuration list for PBXNativeTarget "SystemDetectFaceDemoTests" */ = {
			isa = XCConfigurationList;
			buildConfigurations = (
				5BE2ED0127BA323400C441A4 /* Debug */,
				5BE2ED0227BA323400C441A4 /* Release */,
			);
			defaultConfigurationIsVisible = 0;
			defaultConfigurationName = Release;
		};
		5BE2ED0327BA323400C441A4 /* Build configuration list for PBXNativeTarget "SystemDetectFaceDemoUITests" */ = {
			isa = XCConfigurationList;
			buildConfigurations = (
				5BE2ED0427BA323400C441A4 /* Debug */,
				5BE2ED0527BA323400C441A4 /* Release */,
			);
			defaultConfigurationIsVisible = 0;
			defaultConfigurationName = Release;
		};
/* End XCConfigurationList section */
	};
	rootObject = 5BE2ECCB27BA323100C441A4 /* Project object */;
}
